
Microsoft Visual Studio Solution File, Format Version 12.00
# Visual Studio 2013
VisualStudioVersion = 12.0.21005.1
MinimumVisualStudioVersion = 10.0.40219.1
Project("{FAE04EC0-301F-11D3-BF4B-00C04F79EFBC}") = "OnlineExamination.Models", "OnlineExamination.Models\OnlineExamination.Models.csproj", "{BCDDC537-1EDC-475B-A394-8BF515175720}"
EndProject
Project("{FAE04EC0-301F-11D3-BF4B-00C04F79EFBC}") = "OnlineExamination.DLL", "OnlineExamination.DLL\OnlineExamination.DLL.csproj", "{547A4A88-AFEC-4009-A87E-F2DFB7326380}"
EndProject
Project("{FAE04EC0-301F-11D3-BF4B-00C04F79EFBC}") = "OnlineExamination.Repositories", "OnlineExamination.Repositories\OnlineExamination.Repositories.csproj", "{D5B076A4-5478-4708-92EC-7E309AB2C5AB}"
EndProject
Project("{FAE04EC0-301F-11D3-BF4B-00C04F79EFBC}") = "OnlineExamination.DatabaseContext", "OnlineExamination.DatabaseContext\OnlineExamination.DatabaseContext.csproj", "{B5E896C6-A652-4434-A2F6-628A2E3675D8}"
EndProject
Project("{FAE04EC0-301F-11D3-BF4B-00C04F79EFBC}") = "OnlineExaminationAppp", "OnlineExaminationAppp\OnlineExaminationAppp.csproj", "{B27BA289-CC13-4008-8384-507B83364E00}"
EndProject
Global
	GlobalSection(SolutionConfigurationPlatforms) = preSolution
		Debug|Any CPU = Debug|Any CPU
		Release|Any CPU = Release|Any CPU
	EndGlobalSection
	GlobalSection(ProjectConfigurationPlatforms) = postSolution
		{BCDDC537-1EDC-475B-A394-8BF515175720}.Debug|Any CPU.ActiveCfg = Debug|Any CPU
		{BCDDC537-1EDC-475B-A394-8BF515175720}.Debug|Any CPU.Build.0 = Debug|Any CPU
		{BCDDC537-1EDC-475B-A394-8BF515175720}.Release|Any CPU.ActiveCfg = Release|Any CPU
		{BCDDC537-1EDC-475B-A394-8BF515175720}.Release|Any CPU.Build.0 = Release|Any CPU
		{547A4A88-AFEC-4009-A87E-F2DFB7326380}.Debug|Any CPU.ActiveCfg = Debug|Any CPU
		{547A4A88-AFEC-4009-A87E-F2DFB7326380}.Debug|Any CPU.Build.0 = Debug|Any CPU
		{547A4A88-AFEC-4009-A87E-F2DFB7326380}.Release|Any CPU.ActiveCfg = Release|Any CPU
		{547A4A88-AFEC-4009-A87E-F2DFB7326380}.Release|Any CPU.Build.0 = Release|Any CPU
		{D5B076A4-5478-4708-92EC-7E309AB2C5AB}.Debug|Any CPU.ActiveCfg = Debug|Any CPU
		{D5B076A4-5478-4708-92EC-7E309AB2C5AB}.Debug|Any CPU.Build.0 = Debug|Any CPU
		{D5B076A4-5478-4708-92EC-7E309AB2C5AB}.Release|Any CPU.ActiveCfg = Release|Any CPU
		{D5B076A4-5478-4708-92EC-7E309AB2C5AB}.Release|Any CPU.Build.0 = Release|Any CPU
		{B5E896C6-A652-4434-A2F6-628A2E3675D8}.Debug|Any CPU.ActiveCfg = Debug|Any CPU
		{B5E896C6-A652-4434-A2F6-628A2E3675D8}.Debug|Any CPU.Build.0 = Debug|Any CPU
		{B5E896C6-A652-4434-A2F6-628A2E3675D8}.Release|Any CPU.ActiveCfg = Release|Any CPU
		{B5E896C6-A652-4434-A2F6-628A2E3675D8}.Release|Any CPU.Build.0 = Release|Any CPU
		{B27BA289-CC13-4008-8384-507B83364E00}.Debug|Any CPU.ActiveCfg = Debug|Any CPU
		{B27BA289-CC13-4008-8384-507B83364E00}.Debug|Any CPU.Build.0 = Debug|Any CPU
		{B27BA289-CC13-4008-8384-507B83364E00}.Release|Any CPU.ActiveCfg = Release|Any CPU
		{B27BA289-CC13-4008-8384-507B83364E00}.Release|Any CPU.Build.0 = Release|Any CPU
	EndGlobalSection
	GlobalSection(SolutionProperties) = preSolution
		HideSolutionNode = FALSE
	EndGlobalSection
EndGlobal
